{
  "name": "testing-sco-test-1",
  "version": "1.0.0",
  "lockfileVersion": 1,
  "requires": true,
  "dependencies": {
    "sco-test-1": {
      "version": "1.0.1",
      "resolved": "https://registry.npmjs.org/sco-test-1/-/sco-test-1-1.0.1.tgz",
      "integrity": "sha512-+klpZXs+oqhC/neJOs1+Gf5MOIy35D+j2d93fYTez2SB1Wk/k7fABCx6VbAavAO6oNdCAea9ob3YT1/NXAD/9g=="
    }
  }
}
